
Microsoft Visual Studio Solution File, Format Version 12.00
# Visual Studio Version 17
VisualStudioVersion = 17.0.31903.59
MinimumVisualStudioVersion = 10.0.40219.1
Project("{FAE04EC0-301F-11D3-BF4B-00C04F79EFBC}") = "Orka.Core", "Orka.Core\Orka.Core.csproj", "{2C1C9139-94D5-4D61-A759-09318199691F}"
EndProject
Project("{FAE04EC0-301F-11D3-BF4B-00C04F79EFBC}") = "Orka.Infrastructure", "Orka.Infrastructure\Orka.Infrastructure.csproj", "{73D3A489-103B-4D9F-8819-9D10850BA23B}"
EndProject
Project("{FAE04EC0-301F-11D3-BF4B-00C04F79EFBC}") = "Orka.API", "Orka.API\Orka.API.csproj", "{9AD3A8F2-E9AF-4420-820E-3C670C366AF9}"
EndProject
Project("{FAE04EC0-301F-11D3-BF4B-00C04F79EFBC}") = "Orka.API.Tests", "Orka.API.Tests\Orka.API.Tests.csproj", "{16E45A03-50D5-43E8-8267-735027393952}"
EndProject
Global
	GlobalSection(SolutionConfigurationPlatforms) = preSolution
		Debug|Any CPU = Debug|Any CPU
		Debug|x64 = Debug|x64
		Debug|x86 = Debug|x86
		Release|Any CPU = Release|Any CPU
		Release|x64 = Release|x64
		Release|x86 = Release|x86
	EndGlobalSection
	GlobalSection(ProjectConfigurationPlatforms) = postSolution
		{2C1C9139-94D5-4D61-A759-09318199691F}.Debug|Any CPU.ActiveCfg = Debug|Any CPU
		{2C1C9139-94D5-4D61-A759-09318199691F}.Debug|Any CPU.Build.0 = Debug|Any CPU
		{2C1C9139-94D5-4D61-A759-09318199691F}.Debug|x64.ActiveCfg = Debug|Any CPU
		{2C1C9139-94D5-4D61-A759-09318199691F}.Debug|x64.Build.0 = Debug|Any CPU
		{2C1C9139-94D5-4D61-A759-09318199691F}.Debug|x86.ActiveCfg = Debug|Any CPU
		{2C1C9139-94D5-4D61-A759-09318199691F}.Debug|x86.Build.0 = Debug|Any CPU
		{2C1C9139-94D5-4D61-A759-09318199691F}.Release|Any CPU.ActiveCfg = Release|Any CPU
		{2C1C9139-94D5-4D61-A759-09318199691F}.Release|Any CPU.Build.0 = Release|Any CPU
		{2C1C9139-94D5-4D61-A759-09318199691F}.Release|x64.ActiveCfg = Release|Any CPU
		{2C1C9139-94D5-4D61-A759-09318199691F}.Release|x64.Build.0 = Release|Any CPU
		{2C1C9139-94D5-4D61-A759-09318199691F}.Release|x86.ActiveCfg = Release|Any CPU
		{2C1C9139-94D5-4D61-A759-09318199691F}.Release|x86.Build.0 = Release|Any CPU
		{73D3A489-103B-4D9F-8819-9D10850BA23B}.Debug|Any CPU.ActiveCfg = Debug|Any CPU
		{73D3A489-103B-4D9F-8819-9D10850BA23B}.Debug|Any CPU.Build.0 = Debug|Any CPU
		{73D3A489-103B-4D9F-8819-9D10850BA23B}.Debug|x64.ActiveCfg = Debug|Any CPU
		{73D3A489-103B-4D9F-8819-9D10850BA23B}.Debug|x64.Build.0 = Debug|Any CPU
		{73D3A489-103B-4D9F-8819-9D10850BA23B}.Debug|x86.ActiveCfg = Debug|Any CPU
		{73D3A489-103B-4D9F-8819-9D10850BA23B}.Debug|x86.Build.0 = Debug|Any CPU
		{73D3A489-103B-4D9F-8819-9D10850BA23B}.Release|Any CPU.ActiveCfg = Release|Any CPU
		{73D3A489-103B-4D9F-8819-9D10850BA23B}.Release|Any CPU.Build.0 = Release|Any CPU
		{73D3A489-103B-4D9F-8819-9D10850BA23B}.Release|x64.ActiveCfg = Release|Any CPU
		{73D3A489-103B-4D9F-8819-9D10850BA23B}.Release|x64.Build.0 = Release|Any CPU
		{73D3A489-103B-4D9F-8819-9D10850BA23B}.Release|x86.ActiveCfg = Release|Any CPU
		{73D3A489-103B-4D9F-8819-9D10850BA23B}.Release|x86.Build.0 = Release|Any CPU
		{9AD3A8F2-E9AF-4420-820E-3C670C366AF9}.Debug|Any CPU.ActiveCfg = Debug|Any CPU
		{9AD3A8F2-E9AF-4420-820E-3C670C366AF9}.Debug|Any CPU.Build.0 = Debug|Any CPU
		{9AD3A8F2-E9AF-4420-820E-3C670C366AF9}.Debug|x64.ActiveCfg = Debug|Any CPU
		{9AD3A8F2-E9AF-4420-820E-3C670C366AF9}.Debug|x64.Build.0 = Debug|Any CPU
		{9AD3A8F2-E9AF-4420-820E-3C670C366AF9}.Debug|x86.ActiveCfg = Debug|Any CPU
		{9AD3A8F2-E9AF-4420-820E-3C670C366AF9}.Debug|x86.Build.0 = Debug|Any CPU
		{9AD3A8F2-E9AF-4420-820E-3C670C366AF9}.Release|Any CPU.ActiveCfg = Release|Any CPU
		{9AD3A8F2-E9AF-4420-820E-3C670C366AF9}.Release|Any CPU.Build.0 = Release|Any CPU
		{9AD3A8F2-E9AF-4420-820E-3C670C366AF9}.Release|x64.ActiveCfg = Release|Any CPU
		{9AD3A8F2-E9AF-4420-820E-3C670C366AF9}.Release|x64.Build.0 = Release|Any CPU
		{9AD3A8F2-E9AF-4420-820E-3C670C366AF9}.Release|x86.ActiveCfg = Release|Any CPU
		{9AD3A8F2-E9AF-4420-820E-3C670C366AF9}.Release|x86.Build.0 = Release|Any CPU
		{16E45A03-50D5-43E8-8267-735027393952}.Debug|Any CPU.ActiveCfg = Debug|Any CPU
		{16E45A03-50D5-43E8-8267-735027393952}.Debug|Any CPU.Build.0 = Debug|Any CPU
		{16E45A03-50D5-43E8-8267-735027393952}.Debug|x64.ActiveCfg = Debug|Any CPU
		{16E45A03-50D5-43E8-8267-735027393952}.Debug|x64.Build.0 = Debug|Any CPU
		{16E45A03-50D5-43E8-8267-735027393952}.Debug|x86.ActiveCfg = Debug|Any CPU
		{16E45A03-50D5-43E8-8267-735027393952}.Debug|x86.Build.0 = Debug|Any CPU
		{16E45A03-50D5-43E8-8267-735027393952}.Release|Any CPU.ActiveCfg = Release|Any CPU
		{16E45A03-50D5-43E8-8267-735027393952}.Release|Any CPU.Build.0 = Release|Any CPU
		{16E45A03-50D5-43E8-8267-735027393952}.Release|x64.ActiveCfg = Release|Any CPU
		{16E45A03-50D5-43E8-8267-735027393952}.Release|x64.Build.0 = Release|Any CPU
		{16E45A03-50D5-43E8-8267-735027393952}.Release|x86.ActiveCfg = Release|Any CPU
		{16E45A03-50D5-43E8-8267-735027393952}.Release|x86.Build.0 = Release|Any CPU
	EndGlobalSection
	GlobalSection(SolutionProperties) = preSolution
		HideSolutionNode = FALSE
	EndGlobalSection
EndGlobal
